
Microsoft Visual Studio Solution File, Format Version 12.00
Project("{FAE04EC0-301F-11D3-BF4B-00C04F79EFBC}") = "CA.Assessment.WebAPI", "CA.Assessment.WebAPI\CA.Assessment.WebAPI.csproj", "{0CA086F3-920E-44DC-A201-56B2F9A56CC9}"
EndProject
Project("{FAE04EC0-301F-11D3-BF4B-00C04F79EFBC}") = "CA.Assessment.Application", "CA.Assessment.Application\CA.Assessment.Application.csproj", "{E295230E-FAE2-441E-BA3A-F5A92D3DEC59}"
EndProject
Project("{FAE04EC0-301F-11D3-BF4B-00C04F79EFBC}") = "CA.Assessment.Tests", "CA.Assessment.Tests\CA.Assessment.Tests.csproj", "{27E14EAF-C0D8-48C6-9C12-9529F5AC68C4}"
EndProject
Project("{FAE04EC0-301F-11D3-BF4B-00C04F79EFBC}") = "CA.Assessment.Model", "CA.Assessment.Model\CA.Assessment.Model.csproj", "{CD2D0157-90F3-4126-BD17-9E8342F4FB76}"
EndProject
Project("{FAE04EC0-301F-11D3-BF4B-00C04F79EFBC}") = "CA.Assessment.Database", "CA.Assessment.Database\CA.Assessment.Database.csproj", "{7929D02E-4458-449B-B30A-B32B9594E875}"
EndProject
Project("{FAE04EC0-301F-11D3-BF4B-00C04F79EFBC}") = "CA.Assessment.Database.Migrations", "CA.Assessment.Database.Migrations\CA.Assessment.Database.Migrations.csproj", "{E63D017B-C0C5-4C4F-A884-235CD02A734C}"
EndProject
Project("{FAE04EC0-301F-11D3-BF4B-00C04F79EFBC}") = "CA.Assessment.Images", "CA.Assessment.Images\CA.Assessment.Images.csproj", "{FFDD679A-B61E-49ED-9D04-5DFBE5A395C9}"
EndProject
Project("{2150E333-8FDC-42A3-9474-1A3956D46DE8}") = "Infrastructure", "Infrastructure", "{E2AAE4CD-14D3-4846-B7F5-55C00D89A920}"
EndProject
Project("{FAE04EC0-301F-11D3-BF4B-00C04F79EFBC}") = "CA.Assessment.Database.Sqlite", "CA.Assessment.Database.Sqlite\CA.Assessment.Database.Sqlite.csproj", "{8EF47F47-4453-42E6-9652-16B8834D0535}"
EndProject
Global
	GlobalSection(SolutionConfigurationPlatforms) = preSolution
		Debug|Any CPU = Debug|Any CPU
		Release|Any CPU = Release|Any CPU
	EndGlobalSection
	GlobalSection(ProjectConfigurationPlatforms) = postSolution
		{0CA086F3-920E-44DC-A201-56B2F9A56CC9}.Debug|Any CPU.ActiveCfg = Debug|Any CPU
		{0CA086F3-920E-44DC-A201-56B2F9A56CC9}.Debug|Any CPU.Build.0 = Debug|Any CPU
		{0CA086F3-920E-44DC-A201-56B2F9A56CC9}.Release|Any CPU.ActiveCfg = Release|Any CPU
		{0CA086F3-920E-44DC-A201-56B2F9A56CC9}.Release|Any CPU.Build.0 = Release|Any CPU
		{E295230E-FAE2-441E-BA3A-F5A92D3DEC59}.Debug|Any CPU.ActiveCfg = Debug|Any CPU
		{E295230E-FAE2-441E-BA3A-F5A92D3DEC59}.Debug|Any CPU.Build.0 = Debug|Any CPU
		{E295230E-FAE2-441E-BA3A-F5A92D3DEC59}.Release|Any CPU.ActiveCfg = Release|Any CPU
		{E295230E-FAE2-441E-BA3A-F5A92D3DEC59}.Release|Any CPU.Build.0 = Release|Any CPU
		{27E14EAF-C0D8-48C6-9C12-9529F5AC68C4}.Debug|Any CPU.ActiveCfg = Debug|Any CPU
		{27E14EAF-C0D8-48C6-9C12-9529F5AC68C4}.Debug|Any CPU.Build.0 = Debug|Any CPU
		{27E14EAF-C0D8-48C6-9C12-9529F5AC68C4}.Release|Any CPU.ActiveCfg = Release|Any CPU
		{27E14EAF-C0D8-48C6-9C12-9529F5AC68C4}.Release|Any CPU.Build.0 = Release|Any CPU
		{CD2D0157-90F3-4126-BD17-9E8342F4FB76}.Debug|Any CPU.ActiveCfg = Debug|Any CPU
		{CD2D0157-90F3-4126-BD17-9E8342F4FB76}.Debug|Any CPU.Build.0 = Debug|Any CPU
		{CD2D0157-90F3-4126-BD17-9E8342F4FB76}.Release|Any CPU.ActiveCfg = Release|Any CPU
		{CD2D0157-90F3-4126-BD17-9E8342F4FB76}.Release|Any CPU.Build.0 = Release|Any CPU
		{7929D02E-4458-449B-B30A-B32B9594E875}.Debug|Any CPU.ActiveCfg = Debug|Any CPU
		{7929D02E-4458-449B-B30A-B32B9594E875}.Debug|Any CPU.Build.0 = Debug|Any CPU
		{7929D02E-4458-449B-B30A-B32B9594E875}.Release|Any CPU.ActiveCfg = Release|Any CPU
		{7929D02E-4458-449B-B30A-B32B9594E875}.Release|Any CPU.Build.0 = Release|Any CPU
		{E63D017B-C0C5-4C4F-A884-235CD02A734C}.Debug|Any CPU.ActiveCfg = Debug|Any CPU
		{E63D017B-C0C5-4C4F-A884-235CD02A734C}.Debug|Any CPU.Build.0 = Debug|Any CPU
		{E63D017B-C0C5-4C4F-A884-235CD02A734C}.Release|Any CPU.ActiveCfg = Release|Any CPU
		{E63D017B-C0C5-4C4F-A884-235CD02A734C}.Release|Any CPU.Build.0 = Release|Any CPU
		{FFDD679A-B61E-49ED-9D04-5DFBE5A395C9}.Debug|Any CPU.ActiveCfg = Debug|Any CPU
		{FFDD679A-B61E-49ED-9D04-5DFBE5A395C9}.Debug|Any CPU.Build.0 = Debug|Any CPU
		{FFDD679A-B61E-49ED-9D04-5DFBE5A395C9}.Release|Any CPU.ActiveCfg = Release|Any CPU
		{FFDD679A-B61E-49ED-9D04-5DFBE5A395C9}.Release|Any CPU.Build.0 = Release|Any CPU
		{8EF47F47-4453-42E6-9652-16B8834D0535}.Debug|Any CPU.ActiveCfg = Debug|Any CPU
		{8EF47F47-4453-42E6-9652-16B8834D0535}.Debug|Any CPU.Build.0 = Debug|Any CPU
		{8EF47F47-4453-42E6-9652-16B8834D0535}.Release|Any CPU.ActiveCfg = Release|Any CPU
		{8EF47F47-4453-42E6-9652-16B8834D0535}.Release|Any CPU.Build.0 = Release|Any CPU
	EndGlobalSection
	GlobalSection(NestedProjects) = preSolution
		{FFDD679A-B61E-49ED-9D04-5DFBE5A395C9} = {E2AAE4CD-14D3-4846-B7F5-55C00D89A920}
		{7929D02E-4458-449B-B30A-B32B9594E875} = {E2AAE4CD-14D3-4846-B7F5-55C00D89A920}
		{E63D017B-C0C5-4C4F-A884-235CD02A734C} = {E2AAE4CD-14D3-4846-B7F5-55C00D89A920}
		{8EF47F47-4453-42E6-9652-16B8834D0535} = {E2AAE4CD-14D3-4846-B7F5-55C00D89A920}
	EndGlobalSection
EndGlobal
