
Microsoft Visual Studio Solution File, Format Version 12.00
Project("{FAE04EC0-301F-11D3-BF4B-00C04F79EFBC}") = "CA.Assessment.WebAPI", "CA.Assessment.WebAPI\CA.Assessment.WebAPI.csproj", "{0CA086F3-920E-44DC-A201-56B2F9A56CC9}"
EndProject
Project("{FAE04EC0-301F-11D3-BF4B-00C04F79EFBC}") = "CA.Assessment.Application", "CA.Assessment.Application\CA.Assessment.Application.csproj", "{E295230E-FAE2-441E-BA3A-F5A92D3DEC59}"
EndProject
Project("{FAE04EC0-301F-11D3-BF4B-00C04F79EFBC}") = "CA.Assessment.Tests", "CA.Assessment.Tests\CA.Assessment.Tests.csproj", "{27E14EAF-C0D8-48C6-9C12-9529F5AC68C4}"
EndProject
Project("{FAE04EC0-301F-11D3-BF4B-00C04F79EFBC}") = "CA.Assessment.Domain.Anemic", "CA.Assessment.Domain.Anemic\CA.Assessment.Domain.Anemic.csproj", "{CD2D0157-90F3-4126-BD17-9E8342F4FB76}"
EndProject
Project("{FAE04EC0-301F-11D3-BF4B-00C04F79EFBC}") = "CA.Assessment.Infrastructure", "CA.Assessment.Infrastructure\CA.Assessment.Infrastructure.csproj", "{69B1594F-34AB-4286-888D-6C7E6436853E}"
EndProject
Project("{FAE04EC0-301F-11D3-BF4B-00C04F79EFBC}") = "CA.Assessment.Database", "CA.Assessment.Database\CA.Assessment.Database.csproj", "{7929D02E-4458-449B-B30A-B32B9594E875}"
EndProject
Project("{FAE04EC0-301F-11D3-BF4B-00C04F79EFBC}") = "CA.Assessment.Database.Migrations", "CA.Assessment.Database.Migrations\CA.Assessment.Database.Migrations.csproj", "{E63D017B-C0C5-4C4F-A884-235CD02A734C}"
EndProject
Global
	GlobalSection(SolutionConfigurationPlatforms) = preSolution
		Debug|Any CPU = Debug|Any CPU
		Release|Any CPU = Release|Any CPU
	EndGlobalSection
	GlobalSection(ProjectConfigurationPlatforms) = postSolution
		{0CA086F3-920E-44DC-A201-56B2F9A56CC9}.Debug|Any CPU.ActiveCfg = Debug|Any CPU
		{0CA086F3-920E-44DC-A201-56B2F9A56CC9}.Debug|Any CPU.Build.0 = Debug|Any CPU
		{0CA086F3-920E-44DC-A201-56B2F9A56CC9}.Release|Any CPU.ActiveCfg = Release|Any CPU
		{0CA086F3-920E-44DC-A201-56B2F9A56CC9}.Release|Any CPU.Build.0 = Release|Any CPU
		{E295230E-FAE2-441E-BA3A-F5A92D3DEC59}.Debug|Any CPU.ActiveCfg = Debug|Any CPU
		{E295230E-FAE2-441E-BA3A-F5A92D3DEC59}.Debug|Any CPU.Build.0 = Debug|Any CPU
		{E295230E-FAE2-441E-BA3A-F5A92D3DEC59}.Release|Any CPU.ActiveCfg = Release|Any CPU
		{E295230E-FAE2-441E-BA3A-F5A92D3DEC59}.Release|Any CPU.Build.0 = Release|Any CPU
		{27E14EAF-C0D8-48C6-9C12-9529F5AC68C4}.Debug|Any CPU.ActiveCfg = Debug|Any CPU
		{27E14EAF-C0D8-48C6-9C12-9529F5AC68C4}.Debug|Any CPU.Build.0 = Debug|Any CPU
		{27E14EAF-C0D8-48C6-9C12-9529F5AC68C4}.Release|Any CPU.ActiveCfg = Release|Any CPU
		{27E14EAF-C0D8-48C6-9C12-9529F5AC68C4}.Release|Any CPU.Build.0 = Release|Any CPU
		{CD2D0157-90F3-4126-BD17-9E8342F4FB76}.Debug|Any CPU.ActiveCfg = Debug|Any CPU
		{CD2D0157-90F3-4126-BD17-9E8342F4FB76}.Debug|Any CPU.Build.0 = Debug|Any CPU
		{CD2D0157-90F3-4126-BD17-9E8342F4FB76}.Release|Any CPU.ActiveCfg = Release|Any CPU
		{CD2D0157-90F3-4126-BD17-9E8342F4FB76}.Release|Any CPU.Build.0 = Release|Any CPU
		{69B1594F-34AB-4286-888D-6C7E6436853E}.Debug|Any CPU.ActiveCfg = Debug|Any CPU
		{69B1594F-34AB-4286-888D-6C7E6436853E}.Debug|Any CPU.Build.0 = Debug|Any CPU
		{69B1594F-34AB-4286-888D-6C7E6436853E}.Release|Any CPU.ActiveCfg = Release|Any CPU
		{69B1594F-34AB-4286-888D-6C7E6436853E}.Release|Any CPU.Build.0 = Release|Any CPU
		{7929D02E-4458-449B-B30A-B32B9594E875}.Debug|Any CPU.ActiveCfg = Debug|Any CPU
		{7929D02E-4458-449B-B30A-B32B9594E875}.Debug|Any CPU.Build.0 = Debug|Any CPU
		{7929D02E-4458-449B-B30A-B32B9594E875}.Release|Any CPU.ActiveCfg = Release|Any CPU
		{7929D02E-4458-449B-B30A-B32B9594E875}.Release|Any CPU.Build.0 = Release|Any CPU
		{E63D017B-C0C5-4C4F-A884-235CD02A734C}.Debug|Any CPU.ActiveCfg = Debug|Any CPU
		{E63D017B-C0C5-4C4F-A884-235CD02A734C}.Debug|Any CPU.Build.0 = Debug|Any CPU
		{E63D017B-C0C5-4C4F-A884-235CD02A734C}.Release|Any CPU.ActiveCfg = Release|Any CPU
		{E63D017B-C0C5-4C4F-A884-235CD02A734C}.Release|Any CPU.Build.0 = Release|Any CPU
	EndGlobalSection
EndGlobal
